// !$*UTF8*$!
{
	archiveVersion = 1;
	classes = {
	};
	objectVersion = 46;
	objects = {

/* Begin PBXBuildFile section */
		80D70AFD1D48F7DA00ED9F03 /* AppDelegate.swift in Sources */ = {isa = PBXBuildFile; fileRef = 80D70AFC1D48F7DA00ED9F03 /* AppDelegate.swift */; };
		80D70AFF1D48F7DA00ED9F03 /* ViewController.swift in Sources */ = {isa = PBXBuildFile; fileRef = 80D70AFE1D48F7DA00ED9F03 /* ViewController.swift */; };
		80D70B021D48F7DA00ED9F03 /* Main.storyboard in Resources */ = {isa = PBXBuildFile; fileRef = 80D70B001D48F7DA00ED9F03 /* Main.storyboard */; };
		80D70B051D48F7DA00ED9F03 /* SwiftResources.xcdatamodeld in Sources */ = {isa = PBXBuildFile; fileRef = 80D70B031D48F7DA00ED9F03 /* SwiftResources.xcdatamodeld */; };
		80D70B071D48F7DA00ED9F03 /* Assets.xcassets in Resources */ = {isa = PBXBuildFile; fileRef = 80D70B061D48F7DA00ED9F03 /* Assets.xcassets */; };
		80D70B0A1D48F7DA00ED9F03 /* LaunchScreen.storyboard in Resources */ = {isa = PBXBuildFile; fileRef = 80D70B081D48F7DA00ED9F03 /* LaunchScreen.storyboard */; };
/* End PBXBuildFile section */

/* Begin PBXFileReference section */
		80D70AF91D48F7DA00ED9F03 /* SwiftResources.app */ = {isa = PBXFileReference; explicitFileType = wrapper.application; includeInIndex = 0; path = SwiftResources.app; sourceTree = BUILT_PRODUCTS_DIR; };
		80D70AFC1D48F7DA00ED9F03 /* AppDelegate.swift */ = {isa = PBXFileReference; lastKnownFileType = sourcecode.swift; path = AppDelegate.swift; sourceTree = "<group>"; };
		80D70AFE1D48F7DA00ED9F03 /* ViewController.swift */ = {isa = PBXFileReference; lastKnownFileType = sourcecode.swift; path = ViewController.swift; sourceTree = "<group>"; };
		80D70B011D48F7DA00ED9F03 /* Base */ = {isa = PBXFileReference; lastKnownFileType = file.storyboard; name = Base; path = Base.lproj/Main.storyboard; sourceTree = "<group>"; };
		80D70B041D48F7DA00ED9F03 /* SwiftResources.xcdatamodel */ = {isa = PBXFileReference; lastKnownFileType = wrapper.xcdatamodel; path = SwiftResources.xcdatamodel; sourceTree = "<group>"; };
		80D70B061D48F7DA00ED9F03 /* Assets.xcassets */ = {isa = PBXFileReference; lastKnownFileType = folder.assetcatalog; path = Assets.xcassets; sourceTree = "<group>"; };
		80D70B091D48F7DA00ED9F03 /* Base */ = {isa = PBXFileReference; lastKnownFileType = file.storyboard; name = Base; path = Base.lproj/LaunchScreen.storyboard; sourceTree = "<group>"; };
		80D70B0B1D48F7DA00ED9F03 /* Info.plist */ = {isa = PBXFileReference; lastKnownFileType = text.plist.xml; path = Info.plist; sourceTree = "<group>"; };
/* End PBXFileReference section */

/* Begin PBXFrameworksBuildPhase section */
		80D70AF61D48F7DA00ED9F03 /* Frameworks */ = {
			isa = PBXFrameworksBuildPhase;
			buildActionMask = 2147483647;
			files = (
			);
			runOnlyForDeploymentPostprocessing = 0;
		};
/* End PBXFrameworksBuildPhase section */

/* Begin PBXGroup section */
		80D70AF01D48F7DA00ED9F03 = {
			isa = PBXGroup;
			children = (
				80D70AFB1D48F7DA00ED9F03 /* SwiftResources */,
				80D70AFA1D48F7DA00ED9F03 /* Products */,
			);
			sourceTree = "<group>";
		};
		80D70AFA1D48F7DA00ED9F03 /* Products */ = {
			isa = PBXGroup;
			children = (
				80D70AF91D48F7DA00ED9F03 /* SwiftResources.app */,
			);
			name = Products;
			sourceTree = "<group>";
		};
		80D70AFB1D48F7DA00ED9F03 /* SwiftResources */ = {
			isa = PBXGroup;
			children = (
				80D70AFC1D48F7DA00ED9F03 /* AppDelegate.swift */,
				80D70AFE1D48F7DA00ED9F03 /* ViewController.swift */,
				80D70B001D48F7DA00ED9F03 /* Main.storyboard */,
				80D70B061D48F7DA00ED9F03 /* Assets.xcassets */,
				80D70B081D48F7DA00ED9F03 /* LaunchScreen.storyboard */,
				80D70B0B1D48F7DA00ED9F03 /* Info.plist */,
				80D70B031D48F7DA00ED9F03 /* SwiftResources.xcdatamodeld */,
			);
			path = SwiftResources;
			sourceTree = "<group>";
		};
/* End PBXGroup section */

/* Begin PBXNativeTarget section */
		80D70AF81D48F7DA00ED9F03 /* SwiftResources */ = {
			isa = PBXNativeTarget;
			buildConfigurationList = 80D70B0E1D48F7DA00ED9F03 /* Build configuration list for PBXNativeTarget "SwiftResources" */;
			buildPhases = (
				80D70AF51D48F7DA00ED9F03 /* Sources */,
				80D70AF61D48F7DA00ED9F03 /* Frameworks */,
				80D70AF71D48F7DA00ED9F03 /* Resources */,
			);
			buildRules = (
			);
			dependencies = (
			);
			name = SwiftResources;
			productName = SwiftResources;
			productReference = 80D70AF91D48F7DA00ED9F03 /* SwiftResources.app */;
			productType = "com.apple.product-type.application";
		};
/* End PBXNativeTarget section */

/* Begin PBXProject section */
		80D70AF11D48F7DA00ED9F03 /* Project object */ = {
			isa = PBXProject;
			attributes = {
				LastSwiftUpdateCheck = 0730;
				LastUpgradeCheck = 0730;
				ORGANIZATIONNAME = "Kevin Guebert";
				TargetAttributes = {
					80D70AF81D48F7DA00ED9F03 = {
						CreatedOnToolsVersion = 7.3.1;
					};
				};
			};
			buildConfigurationList = 80D70AF41D48F7DA00ED9F03 /* Build configuration list for PBXProject "SwiftResources" */;
			compatibilityVersion = "Xcode 3.2";
			developmentRegion = English;
			hasScannedForEncodings = 0;
			knownRegions = (
				en,
				Base,
			);
			mainGroup = 80D70AF01D48F7DA00ED9F03;
			productRefGroup = 80D70AFA1D48F7DA00ED9F03 /* Products */;
			projectDirPath = "";
			projectRoot = "";
			targets = (
				80D70AF81D48F7DA00ED9F03 /* SwiftResources */,
			);
		};
/* End PBXProject section */

/* Begin PBXResourcesBuildPhase section */
		80D70AF71D48F7DA00ED9F03 /* Resources */ = {
			isa = PBXResourcesBuildPhase;
			buildActionMask = 2147483647;
			files = (
				80D70B0A1D48F7DA00ED9F03 /* LaunchScreen.storyboard in Resources */,
				80D70B071D48F7DA00ED9F03 /* Assets.xcassets in Resources */,
				80D70B021D48F7DA00ED9F03 /* Main.storyboard in Resources */,
			);
			runOnlyForDeploymentPostprocessing = 0;
		};
/* End PBXResourcesBuildPhase section */

/* Begin PBXSourcesBuildPhase section */
		80D70AF51D48F7DA00ED9F03 /* Sources */ = {
			isa = PBXSourcesBuildPhase;
			buildActionMask = 2147483647;
			files = (
				80D70AFF1D48F7DA00ED9F03 /* ViewController.swift in Sources */,
				80D70B051D48F7DA00ED9F03 /* SwiftResources.xcdatamodeld in Sources */,
				80D70AFD1D48F7DA00ED9F03 /* AppDelegate.swift in Sources */,
			);
			runOnlyForDeploymentPostprocessing = 0;
		};
/* End PBXSourcesBuildPhase section */

/* Begin PBXVariantGroup section */
		80D70B001D48F7DA00ED9F03 /* Main.storyboard */ = {
			isa = PBXVariantGroup;
			children = (
				80D70B011D48F7DA00ED9F03 /* Base */,
			);
			name = Main.storyboard;
			sourceTree = "<group>";
		};
		80D70B081D48F7DA00ED9F03 /* LaunchScreen.storyboard */ = {
			isa = PBXVariantGroup;
			children = (
				80D70B091D48F7DA00ED9F03 /* Base */,
			);
			name = LaunchScreen.storyboard;
			sourceTree = "<group>";
		};
/* End PBXVariantGroup section */

/* Begin XCBuildConfiguration section */
		80D70B0C1D48F7DA00ED9F03 /* Debug */ = {
			isa = XCBuildConfiguration;
			buildSettings = {
				ALWAYS_SEARCH_USER_PATHS = NO;
				CLANG_ANALYZER_NONNULL = YES;
				CLANG_CXX_LANGUAGE_STANDARD = "gnu++0x";
				CLANG_CXX_LIBRARY = "libc++";
				CLANG_ENABLE_MODULES = YES;
				CLANG_ENABLE_OBJC_ARC = YES;
				CLANG_WARN_BOOL_CONVERSION = YES;
				CLANG_WARN_CONSTANT_CONVERSION = YES;
				CLANG_WARN_DIRECT_OBJC_ISA_USAGE = YES_ERROR;
				CLANG_WARN_EMPTY_BODY = YES;
				CLANG_WARN_ENUM_CONVERSION = YES;
				CLANG_WARN_INT_CONVERSION = YES;
				CLANG_WARN_OBJC_ROOT_CLASS = YES_ERROR;
				CLANG_WARN_UNREACHABLE_CODE = YES;
				CLANG_WARN__DUPLICATE_METHOD_MATCH = YES;
				"CODE_SIGN_IDENTITY[sdk=iphoneos*]" = "iPhone Developer";
				COPY_PHASE_STRIP = NO;
				DEBUG_INFORMATION_FORMAT = dwarf;
				ENABLE_STRICT_OBJC_MSGSEND = YES;
				ENABLE_TESTABILITY = YES;
				GCC_C_LANGUAGE_STANDARD = gnu99;
				GCC_DYNAMIC_NO_PIC = NO;
				GCC_NO_COMMON_BLOCKS = YES;
				GCC_OPTIMIZATION_LEVEL = 0;
				GCC_PREPROCESSOR_DEFINITIONS = (
					"DEBUG=1",
					"$(inherited)",
				);
				GCC_WARN_64_TO_32_BIT_CONVERSION = YES;
				GCC_WARN_ABOUT_RETURN_TYPE = YES_ERROR;
				GCC_WARN_UNDECLARED_SELECTOR = YES;
				GCC_WARN_UNINITIALIZED_AUTOS = YES_AGGRESSIVE;
				GCC_WARN_UNUSED_FUNCTION = YES;
				GCC_WARN_UNUSED_VARIABLE = YES;
				IPHONEOS_DEPLOYMENT_TARGET = 9.3;
				MTL_ENABLE_DEBUG_INFO = YES;
				ONLY_ACTIVE_ARCH = YES;
				SDKROOT = iphoneos;
				SWIFT_OPTIMIZATION_LEVEL = "-Onone";
			};
			name = Debug;
		};
		80D70B0D1D48F7DA00ED9F03 /* Release */ = {
			isa = XCBuildConfiguration;
			buildSettings = {
				ALWAYS_SEARCH_USER_PATHS = NO;
				CLANG_ANALYZER_NONNULL = YES;
				CLANG_CXX_LANGUAGE_STANDARD = "gnu++0x";
				CLANG_CXX_LIBRARY = "libc++";
				CLANG_ENABLE_MODULES = YES;
				CLANG_ENABLE_OBJC_ARC = YES;
				CLANG_WARN_BOOL_CONVERSION = YES;
				CLANG_WARN_CONSTANT_CONVERSION = YES;
				CLANG_WARN_DIRECT_OBJC_ISA_USAGE = YES_ERROR;
				CLANG_WARN_EMPTY_BODY = YES;
				CLANG_WARN_ENUM_CONVERSION = YES;
				CLANG_WARN_INT_CONVERSION = YES;
				CLANG_WARN_OBJC_ROOT_CLASS = YES_ERROR;
				CLANG_WARN_UNREACHABLE_CODE = YES;
				CLANG_WARN__DUPLICATE_METHOD_MATCH = YES;
				"CODE_SIGN_IDENTITY[sdk=iphoneos*]" = "iPhone Developer";
				COPY_PHASE_STRIP = NO;
				DEBUG_INFORMATION_FORMAT = "dwarf-with-dsym";
				ENABLE_NS_ASSERTIONS = NO;
				ENABLE_STRICT_OBJC_MSGSEND = YES;
				GCC_C_LANGUAGE_STANDARD = gnu99;
				GCC_NO_COMMON_BLOCKS = YES;
				GCC_WARN_64_TO_32_BIT_CONVERSION = YES;
				GCC_WARN_ABOUT_RETURN_TYPE = YES_ERROR;
				GCC_WARN_UNDECLARED_SELECTOR = YES;
				GCC_WARN_UNINITIALIZED_AUTOS = YES_AGGRESSIVE;
				GCC_WARN_UNUSED_FUNCTION = YES;
				GCC_WARN_UNUSED_VARIABLE = YES;
				IPHONEOS_DEPLOYMENT_TARGET = 9.3;
				MTL_ENABLE_DEBUG_INFO = NO;
				SDKROOT = iphoneos;
				VALIDATE_PRODUCT = YES;
			};
			name = Release;
		};
		80D70B0F1D48F7DA00ED9F03 /* Debug */ = {
			isa = XCBuildConfiguration;
			buildSettings = {
				ASSETCATALOG_COMPILER_APPICON_NAME = AppIcon;
				INFOPLIST_FILE = SwiftResources/Info.plist;
				LD_RUNPATH_SEARCH_PATHS = "$(inherited) @executable_path/Frameworks";
				PRODUCT_BUNDLE_IDENTIFIER = com.kevinguebert.SwiftResources;
				PRODUCT_NAME = "$(TARGET_NAME)";
			};
			name = Debug;
		};
		80D70B101D48F7DA00ED9F03 /* Release */ = {
			isa = XCBuildConfiguration;
			buildSettings = {
				ASSETCATALOG_COMPILER_APPICON_NAME = AppIcon;
				INFOPLIST_FILE = SwiftResources/Info.plist;
				LD_RUNPATH_SEARCH_PATHS = "$(inherited) @executable_path/Frameworks";
				PRODUCT_BUNDLE_IDENTIFIER = com.kevinguebert.SwiftResources;
				PRODUCT_NAME = "$(TARGET_NAME)";
			};
			name = Release;
		};
/* End XCBuildConfiguration section */

/* Begin XCConfigurationList section */
		80D70AF41D48F7DA00ED9F03 /* Build configuration list for PBXProject "SwiftResources" */ = {
			isa = XCConfigurationList;
			buildConfigurations = (
				80D70B0C1D48F7DA00ED9F03 /* Debug */,
				80D70B0D1D48F7DA00ED9F03 /* Release */,
			);
			defaultConfigurationIsVisible = 0;
			defaultConfigurationName = Release;
		};
		80D70B0E1D48F7DA00ED9F03 /* Build configuration list for PBXNativeTarget "SwiftResources" */ = {
			isa = XCConfigurationList;
			buildConfigurations = (
				80D70B0F1D48F7DA00ED9F03 /* Debug */,
				80D70B101D48F7DA00ED9F03 /* Release */,
			);
			defaultConfigurationIsVisible = 0;
		};
/* End XCConfigurationList section */

/* Begin XCVersionGroup section */
		80D70B031D48F7DA00ED9F03 /* SwiftResources.xcdatamodeld */ = {
			isa = XCVersionGroup;
			children = (
				80D70B041D48F7DA00ED9F03 /* SwiftResources.xcdatamodel */,
			);
			currentVersion = 80D70B041D48F7DA00ED9F03 /* SwiftResources.xcdatamodel */;
			path = SwiftResources.xcdatamodeld;
			sourceTree = "<group>";
			versionGroupType = wrapper.xcdatamodel;
		};
/* End XCVersionGroup section */
	};
	rootObject = 80D70AF11D48F7DA00ED9F03 /* Project object */;
}
