// !$*UTF8*$!
{
	archiveVersion = 1;
	classes = {
	};
	objectVersion = 46;
	objects = {

/* Begin PBXBuildFile section */
		0AD5B509F584AE0005173B48 /* Pods_SwiftResources.framework in Frameworks */ = {isa = PBXBuildFile; fileRef = 96777BABA0247EE2BB625298 /* Pods_SwiftResources.framework */; };
		808674BE1D49040B00E3D461 /* Resource.swift in Sources */ = {isa = PBXBuildFile; fileRef = 808674BD1D49040B00E3D461 /* Resource.swift */; };
		80A967961D4925BD00D75B2F /* CategoryResourcesViewController.swift in Sources */ = {isa = PBXBuildFile; fileRef = 80A967951D4925BD00D75B2F /* CategoryResourcesViewController.swift */; };
		80A967981D493BA100D75B2F /* CategoryTableViewCell.swift in Sources */ = {isa = PBXBuildFile; fileRef = 80A967971D493BA100D75B2F /* CategoryTableViewCell.swift */; };
		80A9679A1D49486500D75B2F /* ResourceImageViewCell.swift in Sources */ = {isa = PBXBuildFile; fileRef = 80A967991D49486500D75B2F /* ResourceImageViewCell.swift */; };
		80A9679C1D494B4F00D75B2F /* ResourcesTableViewCell.swift in Sources */ = {isa = PBXBuildFile; fileRef = 80A9679B1D494B4F00D75B2F /* ResourcesTableViewCell.swift */; };
		80A9679F1D4A4F2D00D75B2F /* ModalViewController.swift in Sources */ = {isa = PBXBuildFile; fileRef = 80A9679E1D4A4F2D00D75B2F /* ModalViewController.swift */; };
		80D70AFD1D48F7DA00ED9F03 /* AppDelegate.swift in Sources */ = {isa = PBXBuildFile; fileRef = 80D70AFC1D48F7DA00ED9F03 /* AppDelegate.swift */; };
		80D70AFF1D48F7DA00ED9F03 /* ViewController.swift in Sources */ = {isa = PBXBuildFile; fileRef = 80D70AFE1D48F7DA00ED9F03 /* ViewController.swift */; };
		80D70B021D48F7DA00ED9F03 /* Main.storyboard in Resources */ = {isa = PBXBuildFile; fileRef = 80D70B001D48F7DA00ED9F03 /* Main.storyboard */; };
		80D70B071D48F7DA00ED9F03 /* Assets.xcassets in Resources */ = {isa = PBXBuildFile; fileRef = 80D70B061D48F7DA00ED9F03 /* Assets.xcassets */; };
		80D70B0A1D48F7DA00ED9F03 /* LaunchScreen.storyboard in Resources */ = {isa = PBXBuildFile; fileRef = 80D70B081D48F7DA00ED9F03 /* LaunchScreen.storyboard */; };
		80D70B121D48F7F100ED9F03 /* GoogleService-Info.plist in Resources */ = {isa = PBXBuildFile; fileRef = 80D70B111D48F7F100ED9F03 /* GoogleService-Info.plist */; };
/* End PBXBuildFile section */

/* Begin PBXFileReference section */
		7C200F304BE40BC53B27242C /* Pods.framework */ = {isa = PBXFileReference; explicitFileType = wrapper.framework; includeInIndex = 0; path = Pods.framework; sourceTree = BUILT_PRODUCTS_DIR; };
		808674BD1D49040B00E3D461 /* Resource.swift */ = {isa = PBXFileReference; fileEncoding = 4; lastKnownFileType = sourcecode.swift; path = Resource.swift; sourceTree = "<group>"; };
		80A967951D4925BD00D75B2F /* CategoryResourcesViewController.swift */ = {isa = PBXFileReference; fileEncoding = 4; lastKnownFileType = sourcecode.swift; path = CategoryResourcesViewController.swift; sourceTree = "<group>"; };
		80A967971D493BA100D75B2F /* CategoryTableViewCell.swift */ = {isa = PBXFileReference; fileEncoding = 4; lastKnownFileType = sourcecode.swift; path = CategoryTableViewCell.swift; sourceTree = "<group>"; };
		80A967991D49486500D75B2F /* ResourceImageViewCell.swift */ = {isa = PBXFileReference; fileEncoding = 4; lastKnownFileType = sourcecode.swift; path = ResourceImageViewCell.swift; sourceTree = "<group>"; };
		80A9679B1D494B4F00D75B2F /* ResourcesTableViewCell.swift */ = {isa = PBXFileReference; fileEncoding = 4; lastKnownFileType = sourcecode.swift; path = ResourcesTableViewCell.swift; sourceTree = "<group>"; };
		80A9679E1D4A4F2D00D75B2F /* ModalViewController.swift */ = {isa = PBXFileReference; fileEncoding = 4; lastKnownFileType = sourcecode.swift; path = ModalViewController.swift; sourceTree = "<group>"; };
		80D70AF91D48F7DA00ED9F03 /* SwiftResources.app */ = {isa = PBXFileReference; explicitFileType = wrapper.application; includeInIndex = 0; path = SwiftResources.app; sourceTree = BUILT_PRODUCTS_DIR; };
		80D70AFC1D48F7DA00ED9F03 /* AppDelegate.swift */ = {isa = PBXFileReference; lastKnownFileType = sourcecode.swift; path = AppDelegate.swift; sourceTree = "<group>"; };
		80D70AFE1D48F7DA00ED9F03 /* ViewController.swift */ = {isa = PBXFileReference; lastKnownFileType = sourcecode.swift; path = ViewController.swift; sourceTree = "<group>"; };
		80D70B011D48F7DA00ED9F03 /* Base */ = {isa = PBXFileReference; lastKnownFileType = file.storyboard; name = Base; path = Base.lproj/Main.storyboard; sourceTree = "<group>"; };
		80D70B061D48F7DA00ED9F03 /* Assets.xcassets */ = {isa = PBXFileReference; lastKnownFileType = folder.assetcatalog; path = Assets.xcassets; sourceTree = "<group>"; };
		80D70B091D48F7DA00ED9F03 /* Base */ = {isa = PBXFileReference; lastKnownFileType = file.storyboard; name = Base; path = Base.lproj/LaunchScreen.storyboard; sourceTree = "<group>"; };
		80D70B0B1D48F7DA00ED9F03 /* Info.plist */ = {isa = PBXFileReference; lastKnownFileType = text.plist.xml; path = Info.plist; sourceTree = "<group>"; };
		80D70B111D48F7F100ED9F03 /* GoogleService-Info.plist */ = {isa = PBXFileReference; fileEncoding = 4; lastKnownFileType = text.plist.xml; path = "GoogleService-Info.plist"; sourceTree = "<group>"; };
		83E924540D31AC3209F44BEE /* Pods-SwiftResources.release.xcconfig */ = {isa = PBXFileReference; includeInIndex = 1; lastKnownFileType = text.xcconfig; name = "Pods-SwiftResources.release.xcconfig"; path = "Pods/Target Support Files/Pods-SwiftResources/Pods-SwiftResources.release.xcconfig"; sourceTree = "<group>"; };
		96777BABA0247EE2BB625298 /* Pods_SwiftResources.framework */ = {isa = PBXFileReference; explicitFileType = wrapper.framework; includeInIndex = 0; path = Pods_SwiftResources.framework; sourceTree = BUILT_PRODUCTS_DIR; };
		D6868EF07EF8AFC51AEFFB77 /* Pods-SwiftResources.debug.xcconfig */ = {isa = PBXFileReference; includeInIndex = 1; lastKnownFileType = text.xcconfig; name = "Pods-SwiftResources.debug.xcconfig"; path = "Pods/Target Support Files/Pods-SwiftResources/Pods-SwiftResources.debug.xcconfig"; sourceTree = "<group>"; };
/* End PBXFileReference section */

/* Begin PBXFrameworksBuildPhase section */
		80D70AF61D48F7DA00ED9F03 /* Frameworks */ = {
			isa = PBXFrameworksBuildPhase;
			buildActionMask = 2147483647;
			files = (
				0AD5B509F584AE0005173B48 /* Pods_SwiftResources.framework in Frameworks */,
			);
			runOnlyForDeploymentPostprocessing = 0;
		};
/* End PBXFrameworksBuildPhase section */

/* Begin PBXGroup section */
		687C83AB8A6A6A82A67199BD /* Frameworks */ = {
			isa = PBXGroup;
			children = (
				7C200F304BE40BC53B27242C /* Pods.framework */,
				96777BABA0247EE2BB625298 /* Pods_SwiftResources.framework */,
			);
			name = Frameworks;
			sourceTree = "<group>";
		};
		808674BF1D49062100E3D461 /* Models */ = {
			isa = PBXGroup;
			children = (
				808674BD1D49040B00E3D461 /* Resource.swift */,
			);
			name = Models;
			sourceTree = "<group>";
		};
		808674C01D49062800E3D461 /* Controllers */ = {
			isa = PBXGroup;
			children = (
				80D70AFE1D48F7DA00ED9F03 /* ViewController.swift */,
				80A967951D4925BD00D75B2F /* CategoryResourcesViewController.swift */,
				80A9679E1D4A4F2D00D75B2F /* ModalViewController.swift */,
			);
			name = Controllers;
			sourceTree = "<group>";
		};
		808674C11D49062C00E3D461 /* Views */ = {
			isa = PBXGroup;
			children = (
				80A9679D1D4A3B1E00D75B2F /* Cells */,
				80D70B001D48F7DA00ED9F03 /* Main.storyboard */,
				80D70B081D48F7DA00ED9F03 /* LaunchScreen.storyboard */,
			);
			name = Views;
			sourceTree = "<group>";
		};
		808674C21D49063400E3D461 /* Other */ = {
			isa = PBXGroup;
			children = (
				80D70AFC1D48F7DA00ED9F03 /* AppDelegate.swift */,
			);
			name = Other;
			sourceTree = "<group>";
		};
		808674C31D49064600E3D461 /* Supporting Files */ = {
			isa = PBXGroup;
			children = (
				80D70B0B1D48F7DA00ED9F03 /* Info.plist */,
				80D70B111D48F7F100ED9F03 /* GoogleService-Info.plist */,
			);
			name = "Supporting Files";
			sourceTree = "<group>";
		};
		80A9679D1D4A3B1E00D75B2F /* Cells */ = {
			isa = PBXGroup;
			children = (
				80A967971D493BA100D75B2F /* CategoryTableViewCell.swift */,
				80A967991D49486500D75B2F /* ResourceImageViewCell.swift */,
				80A9679B1D494B4F00D75B2F /* ResourcesTableViewCell.swift */,
			);
			name = Cells;
			sourceTree = "<group>";
		};
		80D70AF01D48F7DA00ED9F03 = {
			isa = PBXGroup;
			children = (
				80D70AFB1D48F7DA00ED9F03 /* SwiftResources */,
				80D70AFA1D48F7DA00ED9F03 /* Products */,
				687C83AB8A6A6A82A67199BD /* Frameworks */,
				AED99842F235FE201A996A8C /* Pods */,
			);
			sourceTree = "<group>";
		};
		80D70AFA1D48F7DA00ED9F03 /* Products */ = {
			isa = PBXGroup;
			children = (
				80D70AF91D48F7DA00ED9F03 /* SwiftResources.app */,
			);
			name = Products;
			sourceTree = "<group>";
		};
		80D70AFB1D48F7DA00ED9F03 /* SwiftResources */ = {
			isa = PBXGroup;
			children = (
				808674BF1D49062100E3D461 /* Models */,
				808674C11D49062C00E3D461 /* Views */,
				808674C01D49062800E3D461 /* Controllers */,
				808674C31D49064600E3D461 /* Supporting Files */,
				808674C21D49063400E3D461 /* Other */,
				80D70B061D48F7DA00ED9F03 /* Assets.xcassets */,
			);
			path = SwiftResources;
			sourceTree = "<group>";
		};
		AED99842F235FE201A996A8C /* Pods */ = {
			isa = PBXGroup;
			children = (
				D6868EF07EF8AFC51AEFFB77 /* Pods-SwiftResources.debug.xcconfig */,
				83E924540D31AC3209F44BEE /* Pods-SwiftResources.release.xcconfig */,
			);
			name = Pods;
			sourceTree = "<group>";
		};
/* End PBXGroup section */

/* Begin PBXNativeTarget section */
		80D70AF81D48F7DA00ED9F03 /* SwiftResources */ = {
			isa = PBXNativeTarget;
			buildConfigurationList = 80D70B0E1D48F7DA00ED9F03 /* Build configuration list for PBXNativeTarget "SwiftResources" */;
			buildPhases = (
				17D464719B6001AC1966EB15 /* [CP] Check Pods Manifest.lock */,
				80D70AF51D48F7DA00ED9F03 /* Sources */,
				80D70AF61D48F7DA00ED9F03 /* Frameworks */,
				80D70AF71D48F7DA00ED9F03 /* Resources */,
				3C6965B0429BC9B7C32600F5 /* [CP] Embed Pods Frameworks */,
				83634670395ECB8E81C6A835 /* [CP] Copy Pods Resources */,
			);
			buildRules = (
			);
			dependencies = (
			);
			name = SwiftResources;
			productName = SwiftResources;
			productReference = 80D70AF91D48F7DA00ED9F03 /* SwiftResources.app */;
			productType = "com.apple.product-type.application";
		};
/* End PBXNativeTarget section */

/* Begin PBXProject section */
		80D70AF11D48F7DA00ED9F03 /* Project object */ = {
			isa = PBXProject;
			attributes = {
				LastSwiftUpdateCheck = 0730;
				LastUpgradeCheck = 0810;
				ORGANIZATIONNAME = "Kevin Guebert";
				TargetAttributes = {
					80D70AF81D48F7DA00ED9F03 = {
						CreatedOnToolsVersion = 7.3.1;
						DevelopmentTeam = E4KM8ULW87;
						LastSwiftMigration = 0810;
					};
				};
			};
			buildConfigurationList = 80D70AF41D48F7DA00ED9F03 /* Build configuration list for PBXProject "SwiftResources" */;
			compatibilityVersion = "Xcode 3.2";
			developmentRegion = English;
			hasScannedForEncodings = 0;
			knownRegions = (
				en,
				Base,
			);
			mainGroup = 80D70AF01D48F7DA00ED9F03;
			productRefGroup = 80D70AFA1D48F7DA00ED9F03 /* Products */;
			projectDirPath = "";
			projectRoot = "";
			targets = (
				80D70AF81D48F7DA00ED9F03 /* SwiftResources */,
			);
		};
/* End PBXProject section */

/* Begin PBXResourcesBuildPhase section */
		80D70AF71D48F7DA00ED9F03 /* Resources */ = {
			isa = PBXResourcesBuildPhase;
			buildActionMask = 2147483647;
			files = (
				80D70B0A1D48F7DA00ED9F03 /* LaunchScreen.storyboard in Resources */,
				80D70B121D48F7F100ED9F03 /* GoogleService-Info.plist in Resources */,
				80D70B071D48F7DA00ED9F03 /* Assets.xcassets in Resources */,
				80D70B021D48F7DA00ED9F03 /* Main.storyboard in Resources */,
			);
			runOnlyForDeploymentPostprocessing = 0;
		};
/* End PBXResourcesBuildPhase section */

/* Begin PBXShellScriptBuildPhase section */
		17D464719B6001AC1966EB15 /* [CP] Check Pods Manifest.lock */ = {
			isa = PBXShellScriptBuildPhase;
			buildActionMask = 2147483647;
			files = (
			);
			inputPaths = (
			);
			name = "[CP] Check Pods Manifest.lock";
			outputPaths = (
			);
			runOnlyForDeploymentPostprocessing = 0;
			shellPath = /bin/sh;
			shellScript = "diff \"${PODS_ROOT}/../Podfile.lock\" \"${PODS_ROOT}/Manifest.lock\" > /dev/null\nif [[ $? != 0 ]] ; then\n    cat << EOM\nerror: The sandbox is not in sync with the Podfile.lock. Run 'pod install' or update your CocoaPods installation.\nEOM\n    exit 1\nfi\n";
			showEnvVarsInLog = 0;
		};
		3C6965B0429BC9B7C32600F5 /* [CP] Embed Pods Frameworks */ = {
			isa = PBXShellScriptBuildPhase;
			buildActionMask = 2147483647;
			files = (
			);
			inputPaths = (
			);
			name = "[CP] Embed Pods Frameworks";
			outputPaths = (
			);
			runOnlyForDeploymentPostprocessing = 0;
			shellPath = /bin/sh;
			shellScript = "\"${SRCROOT}/Pods/Target Support Files/Pods-SwiftResources/Pods-SwiftResources-frameworks.sh\"\n";
			showEnvVarsInLog = 0;
		};
		83634670395ECB8E81C6A835 /* [CP] Copy Pods Resources */ = {
			isa = PBXShellScriptBuildPhase;
			buildActionMask = 2147483647;
			files = (
			);
			inputPaths = (
			);
			name = "[CP] Copy Pods Resources";
			outputPaths = (
			);
			runOnlyForDeploymentPostprocessing = 0;
			shellPath = /bin/sh;
			shellScript = "\"${SRCROOT}/Pods/Target Support Files/Pods-SwiftResources/Pods-SwiftResources-resources.sh\"\n";
			showEnvVarsInLog = 0;
		};
/* End PBXShellScriptBuildPhase section */

/* Begin PBXSourcesBuildPhase section */
		80D70AF51D48F7DA00ED9F03 /* Sources */ = {
			isa = PBXSourcesBuildPhase;
			buildActionMask = 2147483647;
			files = (
				80A9679F1D4A4F2D00D75B2F /* ModalViewController.swift in Sources */,
				80A967961D4925BD00D75B2F /* CategoryResourcesViewController.swift in Sources */,
				80D70AFF1D48F7DA00ED9F03 /* ViewController.swift in Sources */,
				80A9679A1D49486500D75B2F /* ResourceImageViewCell.swift in Sources */,
				80A9679C1D494B4F00D75B2F /* ResourcesTableViewCell.swift in Sources */,
				808674BE1D49040B00E3D461 /* Resource.swift in Sources */,
				80D70AFD1D48F7DA00ED9F03 /* AppDelegate.swift in Sources */,
				80A967981D493BA100D75B2F /* CategoryTableViewCell.swift in Sources */,
			);
			runOnlyForDeploymentPostprocessing = 0;
		};
/* End PBXSourcesBuildPhase section */

/* Begin PBXVariantGroup section */
		80D70B001D48F7DA00ED9F03 /* Main.storyboard */ = {
			isa = PBXVariantGroup;
			children = (
				80D70B011D48F7DA00ED9F03 /* Base */,
			);
			name = Main.storyboard;
			sourceTree = "<group>";
		};
		80D70B081D48F7DA00ED9F03 /* LaunchScreen.storyboard */ = {
			isa = PBXVariantGroup;
			children = (
				80D70B091D48F7DA00ED9F03 /* Base */,
			);
			name = LaunchScreen.storyboard;
			sourceTree = "<group>";
		};
/* End PBXVariantGroup section */

/* Begin XCBuildConfiguration section */
		80D70B0C1D48F7DA00ED9F03 /* Debug */ = {
			isa = XCBuildConfiguration;
			buildSettings = {
				ALWAYS_SEARCH_USER_PATHS = NO;
				CLANG_ANALYZER_NONNULL = YES;
				CLANG_CXX_LANGUAGE_STANDARD = "gnu++0x";
				CLANG_CXX_LIBRARY = "libc++";
				CLANG_ENABLE_MODULES = YES;
				CLANG_ENABLE_OBJC_ARC = YES;
				CLANG_WARN_BOOL_CONVERSION = YES;
				CLANG_WARN_CONSTANT_CONVERSION = YES;
				CLANG_WARN_DIRECT_OBJC_ISA_USAGE = YES_ERROR;
				CLANG_WARN_EMPTY_BODY = YES;
				CLANG_WARN_ENUM_CONVERSION = YES;
				CLANG_WARN_INFINITE_RECURSION = YES;
				CLANG_WARN_INT_CONVERSION = YES;
				CLANG_WARN_OBJC_ROOT_CLASS = YES_ERROR;
				CLANG_WARN_SUSPICIOUS_MOVE = YES;
				CLANG_WARN_UNREACHABLE_CODE = YES;
				CLANG_WARN__DUPLICATE_METHOD_MATCH = YES;
				"CODE_SIGN_IDENTITY[sdk=iphoneos*]" = "iPhone Developer";
				COPY_PHASE_STRIP = NO;
				DEBUG_INFORMATION_FORMAT = dwarf;
				ENABLE_STRICT_OBJC_MSGSEND = YES;
				ENABLE_TESTABILITY = YES;
				GCC_C_LANGUAGE_STANDARD = gnu99;
				GCC_DYNAMIC_NO_PIC = NO;
				GCC_NO_COMMON_BLOCKS = YES;
				GCC_OPTIMIZATION_LEVEL = 0;
				GCC_PREPROCESSOR_DEFINITIONS = (
					"DEBUG=1",
					"$(inherited)",
				);
				GCC_WARN_64_TO_32_BIT_CONVERSION = YES;
				GCC_WARN_ABOUT_RETURN_TYPE = YES_ERROR;
				GCC_WARN_UNDECLARED_SELECTOR = YES;
				GCC_WARN_UNINITIALIZED_AUTOS = YES_AGGRESSIVE;
				GCC_WARN_UNUSED_FUNCTION = YES;
				GCC_WARN_UNUSED_VARIABLE = YES;
				IPHONEOS_DEPLOYMENT_TARGET = 9.3;
				MTL_ENABLE_DEBUG_INFO = YES;
				ONLY_ACTIVE_ARCH = YES;
				SDKROOT = iphoneos;
				SWIFT_OPTIMIZATION_LEVEL = "-Onone";
				SWIFT_VERSION = 2.3;
			};
			name = Debug;
		};
		80D70B0D1D48F7DA00ED9F03 /* Release */ = {
			isa = XCBuildConfiguration;
			buildSettings = {
				ALWAYS_SEARCH_USER_PATHS = NO;
				CLANG_ANALYZER_NONNULL = YES;
				CLANG_CXX_LANGUAGE_STANDARD = "gnu++0x";
				CLANG_CXX_LIBRARY = "libc++";
				CLANG_ENABLE_MODULES = YES;
				CLANG_ENABLE_OBJC_ARC = YES;
				CLANG_WARN_BOOL_CONVERSION = YES;
				CLANG_WARN_CONSTANT_CONVERSION = YES;
				CLANG_WARN_DIRECT_OBJC_ISA_USAGE = YES_ERROR;
				CLANG_WARN_EMPTY_BODY = YES;
				CLANG_WARN_ENUM_CONVERSION = YES;
				CLANG_WARN_INFINITE_RECURSION = YES;
				CLANG_WARN_INT_CONVERSION = YES;
				CLANG_WARN_OBJC_ROOT_CLASS = YES_ERROR;
				CLANG_WARN_SUSPICIOUS_MOVE = YES;
				CLANG_WARN_UNREACHABLE_CODE = YES;
				CLANG_WARN__DUPLICATE_METHOD_MATCH = YES;
				"CODE_SIGN_IDENTITY[sdk=iphoneos*]" = "iPhone Developer";
				COPY_PHASE_STRIP = NO;
				DEBUG_INFORMATION_FORMAT = "dwarf-with-dsym";
				ENABLE_NS_ASSERTIONS = NO;
				ENABLE_STRICT_OBJC_MSGSEND = YES;
				GCC_C_LANGUAGE_STANDARD = gnu99;
				GCC_NO_COMMON_BLOCKS = YES;
				GCC_WARN_64_TO_32_BIT_CONVERSION = YES;
				GCC_WARN_ABOUT_RETURN_TYPE = YES_ERROR;
				GCC_WARN_UNDECLARED_SELECTOR = YES;
				GCC_WARN_UNINITIALIZED_AUTOS = YES_AGGRESSIVE;
				GCC_WARN_UNUSED_FUNCTION = YES;
				GCC_WARN_UNUSED_VARIABLE = YES;
				IPHONEOS_DEPLOYMENT_TARGET = 9.3;
				MTL_ENABLE_DEBUG_INFO = NO;
				SDKROOT = iphoneos;
				SWIFT_OPTIMIZATION_LEVEL = "-Owholemodule";
				SWIFT_VERSION = 2.3;
				VALIDATE_PRODUCT = YES;
			};
			name = Release;
		};
		80D70B0F1D48F7DA00ED9F03 /* Debug */ = {
			isa = XCBuildConfiguration;
			baseConfigurationReference = D6868EF07EF8AFC51AEFFB77 /* Pods-SwiftResources.debug.xcconfig */;
			buildSettings = {
				ALWAYS_EMBED_SWIFT_STANDARD_LIBRARIES = YES;
				ASSETCATALOG_COMPILER_APPICON_NAME = AppIcon;
				DEVELOPMENT_TEAM = E4KM8ULW87;
				INFOPLIST_FILE = SwiftResources/Info.plist;
				LD_RUNPATH_SEARCH_PATHS = "$(inherited) @executable_path/Frameworks";
				PRODUCT_BUNDLE_IDENTIFIER = com.kevinguebert.SwiftResources;
				PRODUCT_NAME = "$(TARGET_NAME)";
				SWIFT_VERSION = 3.0;
			};
			name = Debug;
		};
		80D70B101D48F7DA00ED9F03 /* Release */ = {
			isa = XCBuildConfiguration;
			baseConfigurationReference = 83E924540D31AC3209F44BEE /* Pods-SwiftResources.release.xcconfig */;
			buildSettings = {
				ALWAYS_EMBED_SWIFT_STANDARD_LIBRARIES = YES;
				ASSETCATALOG_COMPILER_APPICON_NAME = AppIcon;
				DEVELOPMENT_TEAM = E4KM8ULW87;
				INFOPLIST_FILE = SwiftResources/Info.plist;
				LD_RUNPATH_SEARCH_PATHS = "$(inherited) @executable_path/Frameworks";
				PRODUCT_BUNDLE_IDENTIFIER = com.kevinguebert.SwiftResources;
				PRODUCT_NAME = "$(TARGET_NAME)";
				SWIFT_VERSION = 3.0;
			};
			name = Release;
		};
/* End XCBuildConfiguration section */

/* Begin XCConfigurationList section */
		80D70AF41D48F7DA00ED9F03 /* Build configuration list for PBXProject "SwiftResources" */ = {
			isa = XCConfigurationList;
			buildConfigurations = (
				80D70B0C1D48F7DA00ED9F03 /* Debug */,
				80D70B0D1D48F7DA00ED9F03 /* Release */,
			);
			defaultConfigurationIsVisible = 0;
			defaultConfigurationName = Release;
		};
		80D70B0E1D48F7DA00ED9F03 /* Build configuration list for PBXNativeTarget "SwiftResources" */ = {
			isa = XCConfigurationList;
			buildConfigurations = (
				80D70B0F1D48F7DA00ED9F03 /* Debug */,
				80D70B101D48F7DA00ED9F03 /* Release */,
			);
			defaultConfigurationIsVisible = 0;
			defaultConfigurationName = Release;
		};
/* End XCConfigurationList section */
	};
	rootObject = 80D70AF11D48F7DA00ED9F03 /* Project object */;
}
